
Microsoft Visual Studio Solution File, Format Version 12.00
# Visual Studio Version 16
VisualStudioVersion = 16.0.30523.141
MinimumVisualStudioVersion = 10.0.40219.1
Project("{FAE04EC0-301F-11D3-BF4B-00C04F79EFBC}") = "School.Educ.adk", "School.Educ.adk\School.Educ.adk.csproj", "{B6A9C3D7-06BF-4B0F-AF40-3FFAD793B787}"
EndProject
Global
	GlobalSection(SolutionConfigurationPlatforms) = preSolution
		Debug|Any CPU = Debug|Any CPU
		Release|Any CPU = Release|Any CPU
	EndGlobalSection
	GlobalSection(ProjectConfigurationPlatforms) = postSolution
		{B6A9C3D7-06BF-4B0F-AF40-3FFAD793B787}.Debug|Any CPU.ActiveCfg = Debug|Any CPU
		{B6A9C3D7-06BF-4B0F-AF40-3FFAD793B787}.Debug|Any CPU.Build.0 = Debug|Any CPU
		{B6A9C3D7-06BF-4B0F-AF40-3FFAD793B787}.Release|Any CPU.ActiveCfg = Release|Any CPU
		{B6A9C3D7-06BF-4B0F-AF40-3FFAD793B787}.Release|Any CPU.Build.0 = Release|Any CPU
	EndGlobalSection
	GlobalSection(SolutionProperties) = preSolution
		HideSolutionNode = FALSE
	EndGlobalSection
	GlobalSection(ExtensibilityGlobals) = postSolution
		SolutionGuid = {09EE7450-2679-4061-B9DB-34CA30406395}
	EndGlobalSection
EndGlobal
